// !$*UTF8*$!
{
	archiveVersion = 1;
	classes = {
	};
	objectVersion = 56;
	objects = {

/* Begin PBXBuildFile section */
		C005E06D2BADEA7D00D85771 /* LeftitApp.swift in Sources */ = {isa = PBXBuildFile; fileRef = C005E06C2BADEA7D00D85771 /* LeftitApp.swift */; };
		C005E0712BADEA7E00D85771 /* Assets.xcassets in Resources */ = {isa = PBXBuildFile; fileRef = C005E0702BADEA7E00D85771 /* Assets.xcassets */; };
		C005E0752BADEA7E00D85771 /* Preview Assets.xcassets in Resources */ = {isa = PBXBuildFile; fileRef = C005E0742BADEA7E00D85771 /* Preview Assets.xcassets */; };
		C0735CA22BB1B64500194344 /* SheetView.swift in Sources */ = {isa = PBXBuildFile; fileRef = C0735C9E2BB1B64500194344 /* SheetView.swift */; };
		C0735CA32BB1B64500194344 /* MapView.swift in Sources */ = {isa = PBXBuildFile; fileRef = C0735C9F2BB1B64500194344 /* MapView.swift */; };
		C0735CA42BB1B64500194344 /* LocationService.swift in Sources */ = {isa = PBXBuildFile; fileRef = C0735CA02BB1B64500194344 /* LocationService.swift */; };
		C0735CA52BB1B64500194344 /* LocationManager.swift in Sources */ = {isa = PBXBuildFile; fileRef = C0735CA12BB1B64500194344 /* LocationManager.swift */; };
		C0735CA72BB1BC7300194344 /* LocationDetailsView.swift in Sources */ = {isa = PBXBuildFile; fileRef = C0735CA62BB1BC7300194344 /* LocationDetailsView.swift */; };
		C0735CAB2BB21EB600194344 /* LocationItem.swift in Sources */ = {isa = PBXBuildFile; fileRef = C0735CAA2BB21EB600194344 /* LocationItem.swift */; };
		C0797F4D2BB23E190056546B /* ContentView.swift in Sources */ = {isa = PBXBuildFile; fileRef = C0797F4C2BB23E190056546B /* ContentView.swift */; };
		C0797F4F2BB23E510056546B /* Onboarding.swift in Sources */ = {isa = PBXBuildFile; fileRef = C0797F4E2BB23E510056546B /* Onboarding.swift */; };
		C0797F532BB31EA40056546B /* ObjectItem.swift in Sources */ = {isa = PBXBuildFile; fileRef = C0797F522BB31EA40056546B /* ObjectItem.swift */; };
		C0797F562BB31F660056546B /* ObjectsView.swift in Sources */ = {isa = PBXBuildFile; fileRef = C0797F552BB31F660056546B /* ObjectsView.swift */; };
		C0B6D1032BB4688600D2B82C /* AddObjectView.swift in Sources */ = {isa = PBXBuildFile; fileRef = C0B6D1022BB4688600D2B82C /* AddObjectView.swift */; };
/* End PBXBuildFile section */

/* Begin PBXFileReference section */
		C005E0692BADEA7D00D85771 /* Leftit.app */ = {isa = PBXFileReference; explicitFileType = wrapper.application; includeInIndex = 0; path = Leftit.app; sourceTree = BUILT_PRODUCTS_DIR; };
		C005E06C2BADEA7D00D85771 /* LeftitApp.swift */ = {isa = PBXFileReference; lastKnownFileType = sourcecode.swift; path = LeftitApp.swift; sourceTree = "<group>"; };
		C005E0702BADEA7E00D85771 /* Assets.xcassets */ = {isa = PBXFileReference; lastKnownFileType = folder.assetcatalog; path = Assets.xcassets; sourceTree = "<group>"; };
		C005E0722BADEA7E00D85771 /* Leftit.entitlements */ = {isa = PBXFileReference; lastKnownFileType = text.plist.entitlements; path = Leftit.entitlements; sourceTree = "<group>"; };
		C005E0742BADEA7E00D85771 /* Preview Assets.xcassets */ = {isa = PBXFileReference; lastKnownFileType = folder.assetcatalog; path = "Preview Assets.xcassets"; sourceTree = "<group>"; };
		C0735C9E2BB1B64500194344 /* SheetView.swift */ = {isa = PBXFileReference; fileEncoding = 4; lastKnownFileType = sourcecode.swift; path = SheetView.swift; sourceTree = "<group>"; };
		C0735C9F2BB1B64500194344 /* MapView.swift */ = {isa = PBXFileReference; fileEncoding = 4; lastKnownFileType = sourcecode.swift; path = MapView.swift; sourceTree = "<group>"; };
		C0735CA02BB1B64500194344 /* LocationService.swift */ = {isa = PBXFileReference; fileEncoding = 4; lastKnownFileType = sourcecode.swift; path = LocationService.swift; sourceTree = "<group>"; };
		C0735CA12BB1B64500194344 /* LocationManager.swift */ = {isa = PBXFileReference; fileEncoding = 4; lastKnownFileType = sourcecode.swift; path = LocationManager.swift; sourceTree = "<group>"; };
		C0735CA62BB1BC7300194344 /* LocationDetailsView.swift */ = {isa = PBXFileReference; lastKnownFileType = sourcecode.swift; path = LocationDetailsView.swift; sourceTree = "<group>"; };
		C0735CAA2BB21EB600194344 /* LocationItem.swift */ = {isa = PBXFileReference; lastKnownFileType = sourcecode.swift; path = LocationItem.swift; sourceTree = "<group>"; };
		C0797F4C2BB23E190056546B /* ContentView.swift */ = {isa = PBXFileReference; fileEncoding = 4; lastKnownFileType = sourcecode.swift; path = ContentView.swift; sourceTree = "<group>"; };
		C0797F4E2BB23E510056546B /* Onboarding.swift */ = {isa = PBXFileReference; fileEncoding = 4; lastKnownFileType = sourcecode.swift; path = Onboarding.swift; sourceTree = "<group>"; };
		C0797F522BB31EA40056546B /* ObjectItem.swift */ = {isa = PBXFileReference; lastKnownFileType = sourcecode.swift; path = ObjectItem.swift; sourceTree = "<group>"; };
		C0797F552BB31F660056546B /* ObjectsView.swift */ = {isa = PBXFileReference; lastKnownFileType = sourcecode.swift; path = ObjectsView.swift; sourceTree = "<group>"; };
		C0B6D1022BB4688600D2B82C /* AddObjectView.swift */ = {isa = PBXFileReference; lastKnownFileType = sourcecode.swift; path = AddObjectView.swift; sourceTree = "<group>"; };
/* End PBXFileReference section */

/* Begin PBXFrameworksBuildPhase section */
		C005E0662BADEA7D00D85771 /* Frameworks */ = {
			isa = PBXFrameworksBuildPhase;
			buildActionMask = 2147483647;
			files = (
			);
			runOnlyForDeploymentPostprocessing = 0;
		};
/* End PBXFrameworksBuildPhase section */

/* Begin PBXGroup section */
		C005E0602BADEA7D00D85771 = {
			isa = PBXGroup;
			children = (
				C005E06B2BADEA7D00D85771 /* Leftit */,
				C005E06A2BADEA7D00D85771 /* Products */,
			);
			sourceTree = "<group>";
		};
		C005E06A2BADEA7D00D85771 /* Products */ = {
			isa = PBXGroup;
			children = (
				C005E0692BADEA7D00D85771 /* Leftit.app */,
			);
			name = Products;
			sourceTree = "<group>";
		};
		C005E06B2BADEA7D00D85771 /* Leftit */ = {
			isa = PBXGroup;
			children = (
				C0797F4C2BB23E190056546B /* ContentView.swift */,
				C0797F4E2BB23E510056546B /* Onboarding.swift */,
				C0735CA82BB21DAF00194344 /* Location + Search */,
				C0735CA92BB21DC600194344 /* View */,
				C005E06C2BADEA7D00D85771 /* LeftitApp.swift */,
				C005E0702BADEA7E00D85771 /* Assets.xcassets */,
				C005E0722BADEA7E00D85771 /* Leftit.entitlements */,
				C005E0732BADEA7E00D85771 /* Preview Content */,
			);
			path = Leftit;
			sourceTree = "<group>";
		};
		C005E0732BADEA7E00D85771 /* Preview Content */ = {
			isa = PBXGroup;
			children = (
				C005E0742BADEA7E00D85771 /* Preview Assets.xcassets */,
			);
			path = "Preview Content";
			sourceTree = "<group>";
		};
		C0735CA82BB21DAF00194344 /* Location + Search */ = {
			isa = PBXGroup;
			children = (
				C0735CA12BB1B64500194344 /* LocationManager.swift */,
				C0735CA02BB1B64500194344 /* LocationService.swift */,
				C0797F542BB31F280056546B /* Item */,
			);
			path = "Location + Search";
			sourceTree = "<group>";
		};
		C0735CA92BB21DC600194344 /* View */ = {
			isa = PBXGroup;
			children = (
				C0797F552BB31F660056546B /* ObjectsView.swift */,
				C0B6D1022BB4688600D2B82C /* AddObjectView.swift */,
				C0735CA62BB1BC7300194344 /* LocationDetailsView.swift */,
				C0735C9E2BB1B64500194344 /* SheetView.swift */,
				C0735C9F2BB1B64500194344 /* MapView.swift */,
			);
			path = View;
			sourceTree = "<group>";
		};
		C0797F542BB31F280056546B /* Item */ = {
			isa = PBXGroup;
			children = (
				C0735CAA2BB21EB600194344 /* LocationItem.swift */,
				C0797F522BB31EA40056546B /* ObjectItem.swift */,
			);
			path = Item;
			sourceTree = "<group>";
		};
/* End PBXGroup section */

/* Begin PBXNativeTarget section */
		C005E0682BADEA7D00D85771 /* Leftit */ = {
			isa = PBXNativeTarget;
			buildConfigurationList = C005E0782BADEA7E00D85771 /* Build configuration list for PBXNativeTarget "Leftit" */;
			buildPhases = (
				C005E0652BADEA7D00D85771 /* Sources */,
				C005E0662BADEA7D00D85771 /* Frameworks */,
				C005E0672BADEA7D00D85771 /* Resources */,
			);
			buildRules = (
			);
			dependencies = (
			);
			name = Leftit;
			productName = Leftit;
			productReference = C005E0692BADEA7D00D85771 /* Leftit.app */;
			productType = "com.apple.product-type.application";
		};
/* End PBXNativeTarget section */

/* Begin PBXProject section */
		C005E0612BADEA7D00D85771 /* Project object */ = {
			isa = PBXProject;
			attributes = {
				BuildIndependentTargetsInParallel = 1;
				LastSwiftUpdateCheck = 1530;
				LastUpgradeCheck = 1530;
				TargetAttributes = {
					C005E0682BADEA7D00D85771 = {
						CreatedOnToolsVersion = 15.3;
					};
				};
			};
			buildConfigurationList = C005E0642BADEA7D00D85771 /* Build configuration list for PBXProject "Leftit" */;
			compatibilityVersion = "Xcode 14.0";
			developmentRegion = en;
			hasScannedForEncodings = 0;
			knownRegions = (
				en,
				Base,
			);
			mainGroup = C005E0602BADEA7D00D85771;
			productRefGroup = C005E06A2BADEA7D00D85771 /* Products */;
			projectDirPath = "";
			projectRoot = "";
			targets = (
				C005E0682BADEA7D00D85771 /* Leftit */,
			);
		};
/* End PBXProject section */

/* Begin PBXResourcesBuildPhase section */
		C005E0672BADEA7D00D85771 /* Resources */ = {
			isa = PBXResourcesBuildPhase;
			buildActionMask = 2147483647;
			files = (
				C005E0752BADEA7E00D85771 /* Preview Assets.xcassets in Resources */,
				C005E0712BADEA7E00D85771 /* Assets.xcassets in Resources */,
			);
			runOnlyForDeploymentPostprocessing = 0;
		};
/* End PBXResourcesBuildPhase section */

/* Begin PBXSourcesBuildPhase section */
		C005E0652BADEA7D00D85771 /* Sources */ = {
			isa = PBXSourcesBuildPhase;
			buildActionMask = 2147483647;
			files = (
				C0797F4F2BB23E510056546B /* Onboarding.swift in Sources */,
				C0797F532BB31EA40056546B /* ObjectItem.swift in Sources */,
				C0735CA22BB1B64500194344 /* SheetView.swift in Sources */,
				C005E06D2BADEA7D00D85771 /* LeftitApp.swift in Sources */,
				C0797F4D2BB23E190056546B /* ContentView.swift in Sources */,
				C0B6D1032BB4688600D2B82C /* AddObjectView.swift in Sources */,
				C0797F562BB31F660056546B /* ObjectsView.swift in Sources */,
				C0735CA52BB1B64500194344 /* LocationManager.swift in Sources */,
				C0735CA42BB1B64500194344 /* LocationService.swift in Sources */,
				C0735CA72BB1BC7300194344 /* LocationDetailsView.swift in Sources */,
				C0735CA32BB1B64500194344 /* MapView.swift in Sources */,
				C0735CAB2BB21EB600194344 /* LocationItem.swift in Sources */,
			);
			runOnlyForDeploymentPostprocessing = 0;
		};
/* End PBXSourcesBuildPhase section */

/* Begin XCBuildConfiguration section */
		C005E0762BADEA7E00D85771 /* Debug */ = {
			isa = XCBuildConfiguration;
			buildSettings = {
				ALWAYS_SEARCH_USER_PATHS = NO;
				ASSETCATALOG_COMPILER_GENERATE_SWIFT_ASSET_SYMBOL_EXTENSIONS = YES;
				CLANG_ANALYZER_NONNULL = YES;
				CLANG_ANALYZER_NUMBER_OBJECT_CONVERSION = YES_AGGRESSIVE;
				CLANG_CXX_LANGUAGE_STANDARD = "gnu++20";
				CLANG_ENABLE_MODULES = YES;
				CLANG_ENABLE_OBJC_ARC = YES;
				CLANG_ENABLE_OBJC_WEAK = YES;
				CLANG_WARN_BLOCK_CAPTURE_AUTORELEASING = YES;
				CLANG_WARN_BOOL_CONVERSION = YES;
				CLANG_WARN_COMMA = YES;
				CLANG_WARN_CONSTANT_CONVERSION = YES;
				CLANG_WARN_DEPRECATED_OBJC_IMPLEMENTATIONS = YES;
				CLANG_WARN_DIRECT_OBJC_ISA_USAGE = YES_ERROR;
				CLANG_WARN_DOCUMENTATION_COMMENTS = YES;
				CLANG_WARN_EMPTY_BODY = YES;
				CLANG_WARN_ENUM_CONVERSION = YES;
				CLANG_WARN_INFINITE_RECURSION = YES;
				CLANG_WARN_INT_CONVERSION = YES;
				CLANG_WARN_NON_LITERAL_NULL_CONVERSION = YES;
				CLANG_WARN_OBJC_IMPLICIT_RETAIN_SELF = YES;
				CLANG_WARN_OBJC_LITERAL_CONVERSION = YES;
				CLANG_WARN_OBJC_ROOT_CLASS = YES_ERROR;
				CLANG_WARN_QUOTED_INCLUDE_IN_FRAMEWORK_HEADER = YES;
				CLANG_WARN_RANGE_LOOP_ANALYSIS = YES;
				CLANG_WARN_STRICT_PROTOTYPES = YES;
				CLANG_WARN_SUSPICIOUS_MOVE = YES;
				CLANG_WARN_UNGUARDED_AVAILABILITY = YES_AGGRESSIVE;
				CLANG_WARN_UNREACHABLE_CODE = YES;
				CLANG_WARN__DUPLICATE_METHOD_MATCH = YES;
				COPY_PHASE_STRIP = NO;
				DEBUG_INFORMATION_FORMAT = dwarf;
				ENABLE_STRICT_OBJC_MSGSEND = YES;
				ENABLE_TESTABILITY = YES;
				ENABLE_USER_SCRIPT_SANDBOXING = YES;
				GCC_C_LANGUAGE_STANDARD = gnu17;
				GCC_DYNAMIC_NO_PIC = NO;
				GCC_NO_COMMON_BLOCKS = YES;
				GCC_OPTIMIZATION_LEVEL = 0;
				GCC_PREPROCESSOR_DEFINITIONS = (
					"DEBUG=1",
					"$(inherited)",
				);
				GCC_WARN_64_TO_32_BIT_CONVERSION = YES;
				GCC_WARN_ABOUT_RETURN_TYPE = YES_ERROR;
				GCC_WARN_UNDECLARED_SELECTOR = YES;
				GCC_WARN_UNINITIALIZED_AUTOS = YES_AGGRESSIVE;
				GCC_WARN_UNUSED_FUNCTION = YES;
				GCC_WARN_UNUSED_VARIABLE = YES;
				LOCALIZATION_PREFERS_STRING_CATALOGS = YES;
				MTL_ENABLE_DEBUG_INFO = INCLUDE_SOURCE;
				MTL_FAST_MATH = YES;
				ONLY_ACTIVE_ARCH = YES;
				SWIFT_ACTIVE_COMPILATION_CONDITIONS = "DEBUG $(inherited)";
				SWIFT_OPTIMIZATION_LEVEL = "-Onone";
			};
			name = Debug;
		};
		C005E0772BADEA7E00D85771 /* Release */ = {
			isa = XCBuildConfiguration;
			buildSettings = {
				ALWAYS_SEARCH_USER_PATHS = NO;
				ASSETCATALOG_COMPILER_GENERATE_SWIFT_ASSET_SYMBOL_EXTENSIONS = YES;
				CLANG_ANALYZER_NONNULL = YES;
				CLANG_ANALYZER_NUMBER_OBJECT_CONVERSION = YES_AGGRESSIVE;
				CLANG_CXX_LANGUAGE_STANDARD = "gnu++20";
				CLANG_ENABLE_MODULES = YES;
				CLANG_ENABLE_OBJC_ARC = YES;
				CLANG_ENABLE_OBJC_WEAK = YES;
				CLANG_WARN_BLOCK_CAPTURE_AUTORELEASING = YES;
				CLANG_WARN_BOOL_CONVERSION = YES;
				CLANG_WARN_COMMA = YES;
				CLANG_WARN_CONSTANT_CONVERSION = YES;
				CLANG_WARN_DEPRECATED_OBJC_IMPLEMENTATIONS = YES;
				CLANG_WARN_DIRECT_OBJC_ISA_USAGE = YES_ERROR;
				CLANG_WARN_DOCUMENTATION_COMMENTS = YES;
				CLANG_WARN_EMPTY_BODY = YES;
				CLANG_WARN_ENUM_CONVERSION = YES;
				CLANG_WARN_INFINITE_RECURSION = YES;
				CLANG_WARN_INT_CONVERSION = YES;
				CLANG_WARN_NON_LITERAL_NULL_CONVERSION = YES;
				CLANG_WARN_OBJC_IMPLICIT_RETAIN_SELF = YES;
				CLANG_WARN_OBJC_LITERAL_CONVERSION = YES;
				CLANG_WARN_OBJC_ROOT_CLASS = YES_ERROR;
				CLANG_WARN_QUOTED_INCLUDE_IN_FRAMEWORK_HEADER = YES;
				CLANG_WARN_RANGE_LOOP_ANALYSIS = YES;
				CLANG_WARN_STRICT_PROTOTYPES = YES;
				CLANG_WARN_SUSPICIOUS_MOVE = YES;
				CLANG_WARN_UNGUARDED_AVAILABILITY = YES_AGGRESSIVE;
				CLANG_WARN_UNREACHABLE_CODE = YES;
				CLANG_WARN__DUPLICATE_METHOD_MATCH = YES;
				COPY_PHASE_STRIP = NO;
				DEBUG_INFORMATION_FORMAT = "dwarf-with-dsym";
				ENABLE_NS_ASSERTIONS = NO;
				ENABLE_STRICT_OBJC_MSGSEND = YES;
				ENABLE_USER_SCRIPT_SANDBOXING = YES;
				GCC_C_LANGUAGE_STANDARD = gnu17;
				GCC_NO_COMMON_BLOCKS = YES;
				GCC_WARN_64_TO_32_BIT_CONVERSION = YES;
				GCC_WARN_ABOUT_RETURN_TYPE = YES_ERROR;
				GCC_WARN_UNDECLARED_SELECTOR = YES;
				GCC_WARN_UNINITIALIZED_AUTOS = YES_AGGRESSIVE;
				GCC_WARN_UNUSED_FUNCTION = YES;
				GCC_WARN_UNUSED_VARIABLE = YES;
				LOCALIZATION_PREFERS_STRING_CATALOGS = YES;
				MTL_ENABLE_DEBUG_INFO = NO;
				MTL_FAST_MATH = YES;
				SWIFT_COMPILATION_MODE = wholemodule;
			};
			name = Release;
		};
		C005E0792BADEA7E00D85771 /* Debug */ = {
			isa = XCBuildConfiguration;
			buildSettings = {
				ASSETCATALOG_COMPILER_APPICON_NAME = AppIcon;
				ASSETCATALOG_COMPILER_GLOBAL_ACCENT_COLOR_NAME = AccentColor;
				CODE_SIGN_ENTITLEMENTS = Leftit/Leftit.entitlements;
				CODE_SIGN_STYLE = Automatic;
				CURRENT_PROJECT_VERSION = 1;
				DEVELOPMENT_ASSET_PATHS = "\"Leftit/Preview Content\"";
				DEVELOPMENT_TEAM = HR24WHR326;
				ENABLE_HARDENED_RUNTIME = YES;
				ENABLE_PREVIEWS = YES;
				GENERATE_INFOPLIST_FILE = YES;
				INFOPLIST_KEY_NSLocationAlwaysAndWhenInUseUsageDescription = "We would like to access yor location";
				INFOPLIST_KEY_NSLocationWhenInUseUsageDescription = "";
				"INFOPLIST_KEY_UIApplicationSceneManifest_Generation[sdk=iphoneos*]" = YES;
				"INFOPLIST_KEY_UIApplicationSceneManifest_Generation[sdk=iphonesimulator*]" = YES;
				"INFOPLIST_KEY_UIApplicationSupportsIndirectInputEvents[sdk=iphoneos*]" = YES;
				"INFOPLIST_KEY_UIApplicationSupportsIndirectInputEvents[sdk=iphonesimulator*]" = YES;
				"INFOPLIST_KEY_UILaunchScreen_Generation[sdk=iphoneos*]" = YES;
				"INFOPLIST_KEY_UILaunchScreen_Generation[sdk=iphonesimulator*]" = YES;
				"INFOPLIST_KEY_UIStatusBarStyle[sdk=iphoneos*]" = UIStatusBarStyleDefault;
				"INFOPLIST_KEY_UIStatusBarStyle[sdk=iphonesimulator*]" = UIStatusBarStyleDefault;
				INFOPLIST_KEY_UISupportedInterfaceOrientations_iPad = "UIInterfaceOrientationPortrait UIInterfaceOrientationPortraitUpsideDown UIInterfaceOrientationLandscapeLeft UIInterfaceOrientationLandscapeRight";
				INFOPLIST_KEY_UISupportedInterfaceOrientations_iPhone = "UIInterfaceOrientationPortrait UIInterfaceOrientationLandscapeLeft UIInterfaceOrientationLandscapeRight";
				IPHONEOS_DEPLOYMENT_TARGET = 17.4;
				LD_RUNPATH_SEARCH_PATHS = "@executable_path/Frameworks";
				"LD_RUNPATH_SEARCH_PATHS[sdk=macosx*]" = "@executable_path/../Frameworks";
				MACOSX_DEPLOYMENT_TARGET = 14.4;
				MARKETING_VERSION = 1.0;
				PRODUCT_BUNDLE_IDENTIFIER = com.emanueledipietro.Leftit;
				PRODUCT_NAME = "$(TARGET_NAME)";
				SDKROOT = auto;
				SUPPORTED_PLATFORMS = "iphoneos iphonesimulator macosx";
				SWIFT_EMIT_LOC_STRINGS = YES;
				SWIFT_VERSION = 5.0;
				TARGETED_DEVICE_FAMILY = "1,2";
			};
			name = Debug;
		};
		C005E07A2BADEA7E00D85771 /* Release */ = {
			isa = XCBuildConfiguration;
			buildSettings = {
				ASSETCATALOG_COMPILER_APPICON_NAME = AppIcon;
				ASSETCATALOG_COMPILER_GLOBAL_ACCENT_COLOR_NAME = AccentColor;
				CODE_SIGN_ENTITLEMENTS = Leftit/Leftit.entitlements;
				CODE_SIGN_STYLE = Automatic;
				CURRENT_PROJECT_VERSION = 1;
				DEVELOPMENT_ASSET_PATHS = "\"Leftit/Preview Content\"";
				DEVELOPMENT_TEAM = HR24WHR326;
				ENABLE_HARDENED_RUNTIME = YES;
				ENABLE_PREVIEWS = YES;
				GENERATE_INFOPLIST_FILE = YES;
				INFOPLIST_KEY_NSLocationAlwaysAndWhenInUseUsageDescription = "We would like to access yor location";
				INFOPLIST_KEY_NSLocationWhenInUseUsageDescription = "";
				"INFOPLIST_KEY_UIApplicationSceneManifest_Generation[sdk=iphoneos*]" = YES;
				"INFOPLIST_KEY_UIApplicationSceneManifest_Generation[sdk=iphonesimulator*]" = YES;
				"INFOPLIST_KEY_UIApplicationSupportsIndirectInputEvents[sdk=iphoneos*]" = YES;
				"INFOPLIST_KEY_UIApplicationSupportsIndirectInputEvents[sdk=iphonesimulator*]" = YES;
				"INFOPLIST_KEY_UILaunchScreen_Generation[sdk=iphoneos*]" = YES;
				"INFOPLIST_KEY_UILaunchScreen_Generation[sdk=iphonesimulator*]" = YES;
				"INFOPLIST_KEY_UIStatusBarStyle[sdk=iphoneos*]" = UIStatusBarStyleDefault;
				"INFOPLIST_KEY_UIStatusBarStyle[sdk=iphonesimulator*]" = UIStatusBarStyleDefault;
				INFOPLIST_KEY_UISupportedInterfaceOrientations_iPad = "UIInterfaceOrientationPortrait UIInterfaceOrientationPortraitUpsideDown UIInterfaceOrientationLandscapeLeft UIInterfaceOrientationLandscapeRight";
				INFOPLIST_KEY_UISupportedInterfaceOrientations_iPhone = "UIInterfaceOrientationPortrait UIInterfaceOrientationLandscapeLeft UIInterfaceOrientationLandscapeRight";
				IPHONEOS_DEPLOYMENT_TARGET = 17.4;
				LD_RUNPATH_SEARCH_PATHS = "@executable_path/Frameworks";
				"LD_RUNPATH_SEARCH_PATHS[sdk=macosx*]" = "@executable_path/../Frameworks";
				MACOSX_DEPLOYMENT_TARGET = 14.4;
				MARKETING_VERSION = 1.0;
				PRODUCT_BUNDLE_IDENTIFIER = com.emanueledipietro.Leftit;
				PRODUCT_NAME = "$(TARGET_NAME)";
				SDKROOT = auto;
				SUPPORTED_PLATFORMS = "iphoneos iphonesimulator macosx";
				SWIFT_EMIT_LOC_STRINGS = YES;
				SWIFT_VERSION = 5.0;
				TARGETED_DEVICE_FAMILY = "1,2";
			};
			name = Release;
		};
/* End XCBuildConfiguration section */

/* Begin XCConfigurationList section */
		C005E0642BADEA7D00D85771 /* Build configuration list for PBXProject "Leftit" */ = {
			isa = XCConfigurationList;
			buildConfigurations = (
				C005E0762BADEA7E00D85771 /* Debug */,
				C005E0772BADEA7E00D85771 /* Release */,
			);
			defaultConfigurationIsVisible = 0;
			defaultConfigurationName = Release;
		};
		C005E0782BADEA7E00D85771 /* Build configuration list for PBXNativeTarget "Leftit" */ = {
			isa = XCConfigurationList;
			buildConfigurations = (
				C005E0792BADEA7E00D85771 /* Debug */,
				C005E07A2BADEA7E00D85771 /* Release */,
			);
			defaultConfigurationIsVisible = 0;
			defaultConfigurationName = Release;
		};
/* End XCConfigurationList section */
	};
	rootObject = C005E0612BADEA7D00D85771 /* Project object */;
}
